<?xml version="1.0" encoding="utf-8"?>
<Project ToolsVersion="14.0" xmlns="http://schemas.microsoft.com/developer/msbuild/2003">
  <ItemGroup>
    <None Include=".\**\*.html" />
    <None Include=".\**\*.css" />
    <None Include=".\**\*.png" />
    <None Include="images\avatar-profile.jpg" />
    <None Include=".\**\*.html" />
    <None Include=".\**\*.html" />
    <None Include=".\**\*.js" />
    <None Include=".\**\*.js" />
    <None Include=".\**\*.js" />
    <None Include=".\**\*.js" />
    <None Include=".\**\*.js" />
    <None Include=".\**\*.js" />
    <None Include=".\**\*.js" />
    <None Include=".\**\*.js" />
    <None Include=".\**\*.js" />
    <None Include=".\**\*.js" />
    <None Include=".\**\*.js" />
    <None Include=".\**\*.js" />
    <None Include=".\**\*.js" />
    <None Include=".\**\*.js" />
    <None Include=".\**\*.js" />
    <None Include=".\**\*.js" />
    <None Include=".\**\*.js" />
    <None Include=".\**\*.js" />
    <None Include=".\**\*.js" />
    <None Include=".\**\*.js" />
    <None Include=".\**\*.js" />
    <None Include=".\**\*.js" />
    <None Include=".\**\*.js" />
    <None Include=".\**\*.js" />
    <None Include=".\**\*.js" />
    <None Include=".\**\*.js" />
    <None Include=".\**\*.js" />
    <None Include=".\**\*.js" />
    <None Include=".\**\*.css" />
    <None Include=".\**\*.css" />
    <None Include=".\**\*.css" />
    <None Include=".\**\*.css" />
    <None Include=".\**\*.png" />
    <None Include=".\**\*.png" />
    <None Include=".\**\*.png" />
    <None Include=".\**\*.png" />
    <None Include="styles\sass\main.scss" />
  </ItemGroup>
</Project>